
Microsoft Visual Studio Solution File, Format Version 12.00
# Visual Studio 15
Project("{FAE04EC0-301F-11D3-BF4B-00C04F79EFBC}") = "takerfunction", "takerfunction.csproj", "{537F16E3-0FAD-38AD-00D5-C3C78E6E86D5}"
EndProject
Global
	GlobalSection(SolutionConfigurationPlatforms) = preSolution
		Debug|Any CPU = Debug|Any CPU
		Release|Any CPU = Release|Any CPU
	EndGlobalSection
	GlobalSection(ProjectConfigurationPlatforms) = postSolution
		{537F16E3-0FAD-38AD-00D5-C3C78E6E86D5}.Debug|Any CPU.ActiveCfg = Debug|Any CPU
		{537F16E3-0FAD-38AD-00D5-C3C78E6E86D5}.Debug|Any CPU.Build.0 = Debug|Any CPU
		{537F16E3-0FAD-38AD-00D5-C3C78E6E86D5}.Release|Any CPU.ActiveCfg = Release|Any CPU
		{537F16E3-0FAD-38AD-00D5-C3C78E6E86D5}.Release|Any CPU.Build.0 = Release|Any CPU
	EndGlobalSection
	GlobalSection(SolutionProperties) = preSolution
		HideSolutionNode = FALSE
	EndGlobalSection
EndGlobal
